
Microsoft Visual Studio Solution File, Format Version 11.00
# Visual Studio 2010
Project("{FAE04EC0-301F-11D3-BF4B-00C04F79EFBC}") = "bare.bones.proj", "production/bare.bones.proj/bare.bones.proj.csproj", "{EB553A02-5E38-414C-9D16-2801BDAA3383}"
EndProject
Global
	GlobalSection(SolutionConfigurationPlatforms) = preSolution
		Debug|Any CPU = Debug|Any CPU
		Release|Any CPU = Release|Any CPU
	EndGlobalSection
	GlobalSection(ProjectConfigurationPlatforms) = postSolution
		{EB553A02-5E38-414C-9D16-2801BDAA3383}.Debug|Any CPU.ActiveCfg = Debug|Any CPU
		{EB553A02-5E38-414C-9D16-2801BDAA3383}.Debug|Any CPU.Build.0 = Debug|Any CPU
		{EB553A02-5E38-414C-9D16-2801BDAA3383}.Release|Any CPU.ActiveCfg = Release|Any CPU
		{EB553A02-5E38-414C-9D16-2801BDAA3383}.Release|Any CPU.Build.0 = Release|Any CPU
	EndGlobalSection
	GlobalSection(SolutionProperties) = preSolution
		HideSolutionNode = FALSE
	EndGlobalSection
EndGlobal
