Microsoft Visual Studio Solution File, Format Version 11.00
# Visual Studio 2010
Project("{FAE04EC0-301F-11D3-BF4B-00C04F79EFBC}") = "GameOn.main", "production\GameOn.main\GameOn.main.csproj", "{856C815E-BA8E-4934-A8C8-8EAB60B62666}"
EndProject
Project("{2150E333-8FDC-42A3-9474-1A3956D46DE8}") = "build", "build", "{2C869DB3-0B37-45C4-93D6-95A4F983C814}"
EndProject
Global
	GlobalSection(SolutionConfigurationPlatforms) = preSolution
		Debug|Any CPU = Debug|Any CPU
		Debug|Mixed Platforms = Debug|Mixed Platforms
		Debug|x86 = Debug|x86
		Release|Any CPU = Release|Any CPU
		Release|Mixed Platforms = Release|Mixed Platforms
		Release|x86 = Release|x86
	EndGlobalSection
	GlobalSection(ProjectConfigurationPlatforms) = postSolution
		{856C815E-BA8E-4934-A8C8-8EAB60B62666}.Debug|Any CPU.ActiveCfg = Debug|x86
		{856C815E-BA8E-4934-A8C8-8EAB60B62666}.Debug|Mixed Platforms.ActiveCfg = Debug|x86
		{856C815E-BA8E-4934-A8C8-8EAB60B62666}.Debug|Mixed Platforms.Build.0 = Debug|x86
		{856C815E-BA8E-4934-A8C8-8EAB60B62666}.Debug|x86.ActiveCfg = Debug|x86
		{856C815E-BA8E-4934-A8C8-8EAB60B62666}.Debug|x86.Build.0 = Debug|x86
		{856C815E-BA8E-4934-A8C8-8EAB60B62666}.Release|Any CPU.ActiveCfg = Release|x86
		{856C815E-BA8E-4934-A8C8-8EAB60B62666}.Release|Mixed Platforms.ActiveCfg = Release|x86
		{856C815E-BA8E-4934-A8C8-8EAB60B62666}.Release|Mixed Platforms.Build.0 = Release|x86
		{856C815E-BA8E-4934-A8C8-8EAB60B62666}.Release|x86.ActiveCfg = Release|x86
		{856C815E-BA8E-4934-A8C8-8EAB60B62666}.Release|x86.Build.0 = Release|x86
	EndGlobalSection
	GlobalSection(SolutionProperties) = preSolution
		HideSolutionNode = FALSE
	EndGlobalSection
EndGlobal
